
Microsoft Visual Studio Solution File, Format Version 12.00
# Visual Studio Version 16
VisualStudioVersion = 16.0.31005.135
MinimumVisualStudioVersion = 10.0.40219.1
Project("{FAE04EC0-301F-11D3-BF4B-00C04F79EFBC}") = "HW15Manual", "HW15Manual\HW15Manual.csproj", "{13621C6A-9877-4B5C-ABE2-177ED0475A08}"
EndProject
Global
	GlobalSection(SolutionConfigurationPlatforms) = preSolution
		Debug|Any CPU = Debug|Any CPU
		Release|Any CPU = Release|Any CPU
	EndGlobalSection
	GlobalSection(ProjectConfigurationPlatforms) = postSolution
		{13621C6A-9877-4B5C-ABE2-177ED0475A08}.Debug|Any CPU.ActiveCfg = Debug|Any CPU
		{13621C6A-9877-4B5C-ABE2-177ED0475A08}.Debug|Any CPU.Build.0 = Debug|Any CPU
		{13621C6A-9877-4B5C-ABE2-177ED0475A08}.Release|Any CPU.ActiveCfg = Release|Any CPU
		{13621C6A-9877-4B5C-ABE2-177ED0475A08}.Release|Any CPU.Build.0 = Release|Any CPU
	EndGlobalSection
	GlobalSection(SolutionProperties) = preSolution
		HideSolutionNode = FALSE
	EndGlobalSection
	GlobalSection(ExtensibilityGlobals) = postSolution
		SolutionGuid = {A0CDE913-A7AA-4981-9535-FA0FC3287925}
	EndGlobalSection
EndGlobal
